
Microsoft Visual Studio Solution File, Format Version 12.00
# Visual Studio Version 17
VisualStudioVersion = 17.4.33122.133
MinimumVisualStudioVersion = 10.0.40219.1
Project("{FAE04EC0-301F-11D3-BF4B-00C04F79EFBC}") = "Day6Assignment", "Day6Assignment\Day6Assignment.csproj", "{D089746C-D8DB-4447-ADA0-32C2C0DF1A3F}"
EndProject
Global
	GlobalSection(SolutionConfigurationPlatforms) = preSolution
		Debug|Any CPU = Debug|Any CPU
		Release|Any CPU = Release|Any CPU
	EndGlobalSection
	GlobalSection(ProjectConfigurationPlatforms) = postSolution
		{D089746C-D8DB-4447-ADA0-32C2C0DF1A3F}.Debug|Any CPU.ActiveCfg = Debug|Any CPU
		{D089746C-D8DB-4447-ADA0-32C2C0DF1A3F}.Debug|Any CPU.Build.0 = Debug|Any CPU
		{D089746C-D8DB-4447-ADA0-32C2C0DF1A3F}.Release|Any CPU.ActiveCfg = Release|Any CPU
		{D089746C-D8DB-4447-ADA0-32C2C0DF1A3F}.Release|Any CPU.Build.0 = Release|Any CPU
	EndGlobalSection
	GlobalSection(SolutionProperties) = preSolution
		HideSolutionNode = FALSE
	EndGlobalSection
	GlobalSection(ExtensibilityGlobals) = postSolution
		SolutionGuid = {191EAEE5-2F5F-4A3F-AD0D-6E76FED11798}
	EndGlobalSection
EndGlobal
